
Microsoft Visual Studio Solution File, Format Version 12.00
# Visual Studio Version 17
VisualStudioVersion = 17.9.34728.123
MinimumVisualStudioVersion = 10.0.40219.1
Project("{FAE04EC0-301F-11D3-BF4B-00C04F79EFBC}") = "Practice", "Practice\Practice.csproj", "{DFCACD4A-3A41-43BD-903F-E7C254E2B590}"
EndProject
Global
	GlobalSection(SolutionConfigurationPlatforms) = preSolution
		Debug|Any CPU = Debug|Any CPU
		Release|Any CPU = Release|Any CPU
	EndGlobalSection
	GlobalSection(ProjectConfigurationPlatforms) = postSolution
		{DFCACD4A-3A41-43BD-903F-E7C254E2B590}.Debug|Any CPU.ActiveCfg = Debug|Any CPU
		{DFCACD4A-3A41-43BD-903F-E7C254E2B590}.Debug|Any CPU.Build.0 = Debug|Any CPU
		{DFCACD4A-3A41-43BD-903F-E7C254E2B590}.Release|Any CPU.ActiveCfg = Release|Any CPU
		{DFCACD4A-3A41-43BD-903F-E7C254E2B590}.Release|Any CPU.Build.0 = Release|Any CPU
	EndGlobalSection
	GlobalSection(SolutionProperties) = preSolution
		HideSolutionNode = FALSE
	EndGlobalSection
	GlobalSection(ExtensibilityGlobals) = postSolution
		SolutionGuid = {463EB081-4EFE-4A57-B0C0-C72A522C1650}
	EndGlobalSection
EndGlobal
